
Microsoft Visual Studio Solution File, Format Version 12.00
# Visual Studio Version 16
VisualStudioVersion = 16.0.30413.136
MinimumVisualStudioVersion = 10.0.40219.1
Project("{2150E333-8FDC-42A3-9474-1A3956D46DE8}") = "0 - Dominio", "0 - Dominio", "{03AC3613-BB96-4A61-BE01-731BCE926666}"
EndProject
Project("{FAE04EC0-301F-11D3-BF4B-00C04F79EFBC}") = "MeuSistema.Dominio", "MeuSistema.Dominio\MeuSistema.Dominio.csproj", "{BAA5C421-39EF-4DAA-984A-6AFE9D1EE392}"
EndProject
Global
	GlobalSection(SolutionConfigurationPlatforms) = preSolution
		Debug|Any CPU = Debug|Any CPU
		Release|Any CPU = Release|Any CPU
	EndGlobalSection
	GlobalSection(ProjectConfigurationPlatforms) = postSolution
		{BAA5C421-39EF-4DAA-984A-6AFE9D1EE392}.Debug|Any CPU.ActiveCfg = Debug|Any CPU
		{BAA5C421-39EF-4DAA-984A-6AFE9D1EE392}.Debug|Any CPU.Build.0 = Debug|Any CPU
		{BAA5C421-39EF-4DAA-984A-6AFE9D1EE392}.Release|Any CPU.ActiveCfg = Release|Any CPU
		{BAA5C421-39EF-4DAA-984A-6AFE9D1EE392}.Release|Any CPU.Build.0 = Release|Any CPU
	EndGlobalSection
	GlobalSection(SolutionProperties) = preSolution
		HideSolutionNode = FALSE
	EndGlobalSection
	GlobalSection(NestedProjects) = preSolution
		{BAA5C421-39EF-4DAA-984A-6AFE9D1EE392} = {03AC3613-BB96-4A61-BE01-731BCE926666}
	EndGlobalSection
	GlobalSection(ExtensibilityGlobals) = postSolution
		SolutionGuid = {3FE6C646-B50C-4B3B-8333-F053BC6ED115}
	EndGlobalSection
EndGlobal
